# This file is automatically @generated by Cargo.
# It is not intended for manual editing.
[[package]]
name = "agate"
version = "1.0.0"
dependencies = [
 "async-std",
 "async-tls",
 "env_logger",
 "rustls",
]

[[package]]
name = "aho-corasick"
version = "0.7.10"
source = "registry+https://github.com/rust-lang/crates.io-index"
checksum = "8716408b8bc624ed7f65d223ddb9ac2d044c0547b6fa4b0d554f3a9540496ada"
dependencies = [
 "memchr",
]

[[package]]
name = "async-std"
version = "1.5.0"
source = "registry+https://github.com/rust-lang/crates.io-index"
checksum = "538ecb01eb64eecd772087e5b6f7540cbc917f047727339a472dafed2185b267"
dependencies = [
 "async-task",
 "crossbeam-channel",
 "crossbeam-deque",
 "crossbeam-utils",
 "futures-core",
 "futures-io",
 "futures-timer",
 "kv-log-macro",
 "log",
 "memchr",
 "mio",
 "mio-uds",
 "num_cpus",
 "once_cell",
 "pin-project-lite",
 "pin-utils",
 "slab",
]

[[package]]
name = "async-task"
version = "1.3.1"
source = "registry+https://github.com/rust-lang/crates.io-index"
checksum = "0ac2c016b079e771204030951c366db398864f5026f84a44dafb0ff20f02085d"
dependencies = [
 "libc",
 "winapi 0.3.8",
]

[[package]]
name = "async-tls"
version = "0.7.0"
source = "registry+https://github.com/rust-lang/crates.io-index"
checksum = "95fd83426b89b034bf4e9ceb9c533c2f2386b813fd3dcae0a425ec6f1837d78a"
dependencies = [
 "futures",
 "rustls",
 "webpki",
 "webpki-roots",
]

[[package]]
name = "atty"
version = "0.2.14"
source = "registry+https://github.com/rust-lang/crates.io-index"
checksum = "d9b39be18770d11421cdb1b9947a45dd3f37e93092cbf377614828a319d5fee8"
dependencies = [
 "hermit-abi",
 "libc",
 "winapi 0.3.8",
]

[[package]]
name = "autocfg"
version = "1.0.0"
source = "registry+https://github.com/rust-lang/crates.io-index"
checksum = "f8aac770f1885fd7e387acedd76065302551364496e46b3dd00860b2f8359b9d"

[[package]]
name = "base64"
version = "0.11.0"
source = "registry+https://github.com/rust-lang/crates.io-index"
checksum = "b41b7ea54a0c9d92199de89e20e58d49f02f8e699814ef3fdf266f6f748d15c7"

[[package]]
name = "bitflags"
version = "1.2.1"
source = "registry+https://github.com/rust-lang/crates.io-index"
checksum = "cf1de2fe8c75bc145a2f577add951f8134889b4795d47466a54a5c846d691693"

[[package]]
name = "bumpalo"
version = "3.3.0"
source = "registry+https://github.com/rust-lang/crates.io-index"
checksum = "5356f1d23ee24a1f785a56d1d1a5f0fd5b0f6a0c0fb2412ce11da71649ab78f6"

[[package]]
name = "cc"
version = "1.0.53"
source = "registry+https://github.com/rust-lang/crates.io-index"
checksum = "404b1fe4f65288577753b17e3b36a04596ee784493ec249bf81c7f2d2acd751c"

[[package]]
name = "cfg-if"
version = "0.1.10"
source = "registry+https://github.com/rust-lang/crates.io-index"
checksum = "4785bdd1c96b2a846b2bd7cc02e86b6b3dbf14e7e53446c4f54c92a361040822"

[[package]]
name = "crossbeam-channel"
version = "0.4.2"
source = "registry+https://github.com/rust-lang/crates.io-index"
checksum = "cced8691919c02aac3cb0a1bc2e9b73d89e832bf9a06fc579d4e71b68a2da061"
dependencies = [
 "crossbeam-utils",
 "maybe-uninit",
]

[[package]]
name = "crossbeam-deque"
version = "0.7.3"
source = "registry+https://github.com/rust-lang/crates.io-index"
checksum = "9f02af974daeee82218205558e51ec8768b48cf524bd01d550abe5573a608285"
dependencies = [
 "crossbeam-epoch",
 "crossbeam-utils",
 "maybe-uninit",
]

[[package]]
name = "crossbeam-epoch"
version = "0.8.2"
source = "registry+https://github.com/rust-lang/crates.io-index"
checksum = "058ed274caafc1f60c4997b5fc07bf7dc7cca454af7c6e81edffe5f33f70dace"
dependencies = [
 "autocfg",
 "cfg-if",
 "crossbeam-utils",
 "lazy_static",
 "maybe-uninit",
 "memoffset",
 "scopeguard",
]

[[package]]
name = "crossbeam-utils"
version = "0.7.2"
source = "registry+https://github.com/rust-lang/crates.io-index"
checksum = "c3c7c73a2d1e9fc0886a08b93e98eb643461230d5f1925e4036204d5f2e261a8"
dependencies = [
 "autocfg",
 "cfg-if",
 "lazy_static",
]

[[package]]
name = "env_logger"
version = "0.7.1"
source = "registry+https://github.com/rust-lang/crates.io-index"
checksum = "44533bbbb3bb3c1fa17d9f2e4e38bbbaf8396ba82193c4cb1b6445d711445d36"
dependencies = [
 "atty",
 "humantime",
 "log",
 "regex",
 "termcolor",
]

[[package]]
name = "fuchsia-zircon"
version = "0.3.3"
source = "registry+https://github.com/rust-lang/crates.io-index"
checksum = "2e9763c69ebaae630ba35f74888db465e49e259ba1bc0eda7d06f4a067615d82"
dependencies = [
 "bitflags",
 "fuchsia-zircon-sys",
]

[[package]]
name = "fuchsia-zircon-sys"
version = "0.3.3"
source = "registry+https://github.com/rust-lang/crates.io-index"
checksum = "3dcaa9ae7725d12cdb85b3ad99a434db70b468c09ded17e012d86b5c1010f7a7"

[[package]]
name = "futures"
version = "0.3.5"
source = "registry+https://github.com/rust-lang/crates.io-index"
checksum = "1e05b85ec287aac0dc34db7d4a569323df697f9c55b99b15d6b4ef8cde49f613"
dependencies = [
 "futures-channel",
 "futures-core",
 "futures-executor",
 "futures-io",
 "futures-sink",
 "futures-task",
 "futures-util",
]

[[package]]
name = "futures-channel"
version = "0.3.5"
source = "registry+https://github.com/rust-lang/crates.io-index"
checksum = "f366ad74c28cca6ba456d95e6422883cfb4b252a83bed929c83abfdbbf2967d5"
dependencies = [
 "futures-core",
 "futures-sink",
]

[[package]]
name = "futures-core"
version = "0.3.5"
source = "registry+https://github.com/rust-lang/crates.io-index"
checksum = "59f5fff90fd5d971f936ad674802482ba441b6f09ba5e15fd8b39145582ca399"

[[package]]
name = "futures-executor"
version = "0.3.5"
source = "registry+https://github.com/rust-lang/crates.io-index"
checksum = "10d6bb888be1153d3abeb9006b11b02cf5e9b209fda28693c31ae1e4e012e314"
dependencies = [
 "futures-core",
 "futures-task",
 "futures-util",
]

[[package]]
name = "futures-io"
version = "0.3.5"
source = "registry+https://github.com/rust-lang/crates.io-index"
checksum = "de27142b013a8e869c14957e6d2edeef89e97c289e69d042ee3a49acd8b51789"

[[package]]
name = "futures-macro"
version = "0.3.5"
source = "registry+https://github.com/rust-lang/crates.io-index"
checksum = "d0b5a30a4328ab5473878237c447333c093297bded83a4983d10f4deea240d39"
dependencies = [
 "proc-macro-hack",
 "proc-macro2",
 "quote",
 "syn",
]

[[package]]
name = "futures-sink"
version = "0.3.5"
source = "registry+https://github.com/rust-lang/crates.io-index"
checksum = "3f2032893cb734c7a05d85ce0cc8b8c4075278e93b24b66f9de99d6eb0fa8acc"

[[package]]
name = "futures-task"
version = "0.3.5"
source = "registry+https://github.com/rust-lang/crates.io-index"
checksum = "bdb66b5f09e22019b1ab0830f7785bcea8e7a42148683f99214f73f8ec21a626"
dependencies = [
 "once_cell",
]

[[package]]
name = "futures-timer"
version = "2.0.2"
source = "registry+https://github.com/rust-lang/crates.io-index"
checksum = "a1de7508b218029b0f01662ed8f61b1c964b3ae99d6f25462d0f55a595109df6"

[[package]]
name = "futures-util"
version = "0.3.5"
source = "registry+https://github.com/rust-lang/crates.io-index"
checksum = "8764574ff08b701a084482c3c7031349104b07ac897393010494beaa18ce32c6"
dependencies = [
 "futures-channel",
 "futures-core",
 "futures-io",
 "futures-macro",
 "futures-sink",
 "futures-task",
 "memchr",
 "pin-project",
 "pin-utils",
 "proc-macro-hack",
 "proc-macro-nested",
 "slab",
]

[[package]]
name = "hermit-abi"
version = "0.1.13"
source = "registry+https://github.com/rust-lang/crates.io-index"
checksum = "91780f809e750b0a89f5544be56617ff6b1227ee485bcb06ebe10cdf89bd3b71"
dependencies = [
 "libc",
]

[[package]]
name = "humantime"
version = "1.3.0"
source = "registry+https://github.com/rust-lang/crates.io-index"
checksum = "df004cfca50ef23c36850aaaa59ad52cc70d0e90243c3c7737a4dd32dc7a3c4f"
dependencies = [
 "quick-error",
]

[[package]]
name = "iovec"
version = "0.1.4"
source = "registry+https://github.com/rust-lang/crates.io-index"
checksum = "b2b3ea6ff95e175473f8ffe6a7eb7c00d054240321b84c57051175fe3c1e075e"
dependencies = [
 "libc",
]

[[package]]
name = "js-sys"
version = "0.3.39"
source = "registry+https://github.com/rust-lang/crates.io-index"
checksum = "fa5a448de267e7358beaf4a5d849518fe9a0c13fce7afd44b06e68550e5562a7"
dependencies = [
 "wasm-bindgen",
]

[[package]]
name = "kernel32-sys"
version = "0.2.2"
source = "registry+https://github.com/rust-lang/crates.io-index"
checksum = "7507624b29483431c0ba2d82aece8ca6cdba9382bff4ddd0f7490560c056098d"
dependencies = [
 "winapi 0.2.8",
 "winapi-build",
]

[[package]]
name = "kv-log-macro"
version = "1.0.5"
source = "registry+https://github.com/rust-lang/crates.io-index"
checksum = "2a2d3beed37e5483887d81eb39de6de03a8346531410e1306ca48a9a89bd3a51"
dependencies = [
 "log",
]

[[package]]
name = "lazy_static"
version = "1.4.0"
source = "registry+https://github.com/rust-lang/crates.io-index"
checksum = "e2abad23fbc42b3700f2f279844dc832adb2b2eb069b2df918f455c4e18cc646"

[[package]]
name = "libc"
version = "0.2.70"
source = "registry+https://github.com/rust-lang/crates.io-index"
checksum = "3baa92041a6fec78c687fa0cc2b3fae8884f743d672cf551bed1d6dac6988d0f"

[[package]]
name = "log"
version = "0.4.8"
source = "registry+https://github.com/rust-lang/crates.io-index"
checksum = "14b6052be84e6b71ab17edffc2eeabf5c2c3ae1fdb464aae35ac50c67a44e1f7"
dependencies = [
 "cfg-if",
]

[[package]]
name = "maybe-uninit"
version = "2.0.0"
source = "registry+https://github.com/rust-lang/crates.io-index"
checksum = "60302e4db3a61da70c0cb7991976248362f30319e88850c487b9b95bbf059e00"

[[package]]
name = "memchr"
version = "2.3.3"
source = "registry+https://github.com/rust-lang/crates.io-index"
checksum = "3728d817d99e5ac407411fa471ff9800a778d88a24685968b36824eaf4bee400"

[[package]]
name = "memoffset"
version = "0.5.4"
source = "registry+https://github.com/rust-lang/crates.io-index"
checksum = "b4fc2c02a7e374099d4ee95a193111f72d2110197fe200272371758f6c3643d8"
dependencies = [
 "autocfg",
]

[[package]]
name = "mio"
version = "0.6.22"
source = "registry+https://github.com/rust-lang/crates.io-index"
checksum = "fce347092656428bc8eaf6201042cb551b8d67855af7374542a92a0fbfcac430"
dependencies = [
 "cfg-if",
 "fuchsia-zircon",
 "fuchsia-zircon-sys",
 "iovec",
 "kernel32-sys",
 "libc",
 "log",
 "miow",
 "net2",
 "slab",
 "winapi 0.2.8",
]

[[package]]
name = "mio-uds"
version = "0.6.8"
source = "registry+https://github.com/rust-lang/crates.io-index"
checksum = "afcb699eb26d4332647cc848492bbc15eafb26f08d0304550d5aa1f612e066f0"
dependencies = [
 "iovec",
 "libc",
 "mio",
]

[[package]]
name = "miow"
version = "0.2.1"
source = "registry+https://github.com/rust-lang/crates.io-index"
checksum = "8c1f2f3b1cf331de6896aabf6e9d55dca90356cc9960cca7eaaf408a355ae919"
dependencies = [
 "kernel32-sys",
 "net2",
 "winapi 0.2.8",
 "ws2_32-sys",
]

[[package]]
name = "net2"
version = "0.2.34"
source = "registry+https://github.com/rust-lang/crates.io-index"
checksum = "2ba7c918ac76704fb42afcbbb43891e72731f3dcca3bef2a19786297baf14af7"
dependencies = [
 "cfg-if",
 "libc",
 "winapi 0.3.8",
]

[[package]]
name = "num_cpus"
version = "1.13.0"
source = "registry+https://github.com/rust-lang/crates.io-index"
checksum = "05499f3756671c15885fee9034446956fff3f243d6077b91e5767df161f766b3"
dependencies = [
 "hermit-abi",
 "libc",
]

[[package]]
name = "once_cell"
version = "1.4.0"
source = "registry+https://github.com/rust-lang/crates.io-index"
checksum = "0b631f7e854af39a1739f401cf34a8a013dfe09eac4fa4dba91e9768bd28168d"

[[package]]
name = "pin-project"
version = "0.4.16"
source = "registry+https://github.com/rust-lang/crates.io-index"
checksum = "81d480cb4e89522ccda96d0eed9af94180b7a5f93fb28f66e1fd7d68431663d1"
dependencies = [
 "pin-project-internal",
]

[[package]]
name = "pin-project-internal"
version = "0.4.16"
source = "registry+https://github.com/rust-lang/crates.io-index"
checksum = "a82996f11efccb19b685b14b5df818de31c1edcee3daa256ab5775dd98e72feb"
dependencies = [
 "proc-macro2",
 "quote",
 "syn",
]

[[package]]
name = "pin-project-lite"
version = "0.1.5"
source = "registry+https://github.com/rust-lang/crates.io-index"
checksum = "f7505eeebd78492e0f6108f7171c4948dbb120ee8119d9d77d0afa5469bef67f"

[[package]]
name = "pin-utils"
version = "0.1.0"
source = "registry+https://github.com/rust-lang/crates.io-index"
checksum = "8b870d8c151b6f2fb93e84a13146138f05d02ed11c7e7c54f8826aaaf7c9f184"

[[package]]
name = "proc-macro-hack"
version = "0.5.15"
source = "registry+https://github.com/rust-lang/crates.io-index"
checksum = "0d659fe7c6d27f25e9d80a1a094c223f5246f6a6596453e09d7229bf42750b63"

[[package]]
name = "proc-macro-nested"
version = "0.1.4"
source = "registry+https://github.com/rust-lang/crates.io-index"
checksum = "8e946095f9d3ed29ec38de908c22f95d9ac008e424c7bcae54c75a79c527c694"

[[package]]
name = "proc-macro2"
version = "1.0.13"
source = "registry+https://github.com/rust-lang/crates.io-index"
checksum = "53f5ffe53a6b28e37c9c1ce74893477864d64f74778a93a4beb43c8fa167f639"
dependencies = [
 "unicode-xid",
]

[[package]]
name = "quick-error"
version = "1.2.3"
source = "registry+https://github.com/rust-lang/crates.io-index"
checksum = "a1d01941d82fa2ab50be1e79e6714289dd7cde78eba4c074bc5a4374f650dfe0"

[[package]]
name = "quote"
version = "1.0.5"
source = "registry+https://github.com/rust-lang/crates.io-index"
checksum = "42934bc9c8ab0d3b273a16d8551c8f0fcff46be73276ca083ec2414c15c4ba5e"
dependencies = [
 "proc-macro2",
]

[[package]]
name = "regex"
version = "1.3.7"
source = "registry+https://github.com/rust-lang/crates.io-index"
checksum = "a6020f034922e3194c711b82a627453881bc4682166cabb07134a10c26ba7692"
dependencies = [
 "aho-corasick",
 "memchr",
 "regex-syntax",
 "thread_local",
]

[[package]]
name = "regex-syntax"
version = "0.6.17"
source = "registry+https://github.com/rust-lang/crates.io-index"
checksum = "7fe5bd57d1d7414c6b5ed48563a2c855d995ff777729dcd91c369ec7fea395ae"

[[package]]
name = "ring"
version = "0.16.13"
source = "registry+https://github.com/rust-lang/crates.io-index"
checksum = "703516ae74571f24b465b4a1431e81e2ad51336cb0ded733a55a1aa3eccac196"
dependencies = [
 "cc",
 "libc",
 "once_cell",
 "spin",
 "untrusted",
 "web-sys",
 "winapi 0.3.8",
]

[[package]]
name = "rustls"
version = "0.17.0"
source = "registry+https://github.com/rust-lang/crates.io-index"
checksum = "c0d4a31f5d68413404705d6982529b0e11a9aacd4839d1d6222ee3b8cb4015e1"
dependencies = [
 "base64",
 "log",
 "ring",
 "sct",
 "webpki",
]

[[package]]
name = "scopeguard"
version = "1.1.0"
source = "registry+https://github.com/rust-lang/crates.io-index"
checksum = "d29ab0c6d3fc0ee92fe66e2d99f700eab17a8d57d1c1d3b748380fb20baa78cd"

[[package]]
name = "sct"
version = "0.6.0"
source = "registry+https://github.com/rust-lang/crates.io-index"
checksum = "e3042af939fca8c3453b7af0f1c66e533a15a86169e39de2657310ade8f98d3c"
dependencies = [
 "ring",
 "untrusted",
]

[[package]]
name = "slab"
version = "0.4.2"
source = "registry+https://github.com/rust-lang/crates.io-index"
checksum = "c111b5bd5695e56cffe5129854aa230b39c93a305372fdbb2668ca2394eea9f8"

[[package]]
name = "spin"
version = "0.5.2"
source = "registry+https://github.com/rust-lang/crates.io-index"
checksum = "6e63cff320ae2c57904679ba7cb63280a3dc4613885beafb148ee7bf9aa9042d"

[[package]]
name = "syn"
version = "1.0.22"
source = "registry+https://github.com/rust-lang/crates.io-index"
checksum = "1425de3c33b0941002740a420b1a906a350b88d08b82b2c8a01035a3f9447bac"
dependencies = [
 "proc-macro2",
 "quote",
 "unicode-xid",
]

[[package]]
name = "termcolor"
version = "1.1.0"
source = "registry+https://github.com/rust-lang/crates.io-index"
checksum = "bb6bfa289a4d7c5766392812c0a1f4c1ba45afa1ad47803c11e1f407d846d75f"
dependencies = [
 "winapi-util",
]

[[package]]
name = "thread_local"
version = "1.0.1"
source = "registry+https://github.com/rust-lang/crates.io-index"
checksum = "d40c6d1b69745a6ec6fb1ca717914848da4b44ae29d9b3080cbee91d72a69b14"
dependencies = [
 "lazy_static",
]

[[package]]
name = "unicode-xid"
version = "0.2.0"
source = "registry+https://github.com/rust-lang/crates.io-index"
checksum = "826e7639553986605ec5979c7dd957c7895e93eabed50ab2ffa7f6128a75097c"

[[package]]
name = "untrusted"
version = "0.7.1"
source = "registry+https://github.com/rust-lang/crates.io-index"
checksum = "a156c684c91ea7d62626509bce3cb4e1d9ed5c4d978f7b4352658f96a4c26b4a"

[[package]]
name = "wasm-bindgen"
version = "0.2.62"
source = "registry+https://github.com/rust-lang/crates.io-index"
checksum = "e3c7d40d09cdbf0f4895ae58cf57d92e1e57a9dd8ed2e8390514b54a47cc5551"
dependencies = [
 "cfg-if",
 "wasm-bindgen-macro",
]

[[package]]
name = "wasm-bindgen-backend"
version = "0.2.62"
source = "registry+https://github.com/rust-lang/crates.io-index"
checksum = "c3972e137ebf830900db522d6c8fd74d1900dcfc733462e9a12e942b00b4ac94"
dependencies = [
 "bumpalo",
 "lazy_static",
 "log",
 "proc-macro2",
 "quote",
 "syn",
 "wasm-bindgen-shared",
]

[[package]]
name = "wasm-bindgen-macro"
version = "0.2.62"
source = "registry+https://github.com/rust-lang/crates.io-index"
checksum = "2cd85aa2c579e8892442954685f0d801f9129de24fa2136b2c6a539c76b65776"
dependencies = [
 "quote",
 "wasm-bindgen-macro-support",
]

[[package]]
name = "wasm-bindgen-macro-support"
version = "0.2.62"
source = "registry+https://github.com/rust-lang/crates.io-index"
checksum = "8eb197bd3a47553334907ffd2f16507b4f4f01bbec3ac921a7719e0decdfe72a"
dependencies = [
 "proc-macro2",
 "quote",
 "syn",
 "wasm-bindgen-backend",
 "wasm-bindgen-shared",
]

[[package]]
name = "wasm-bindgen-shared"
version = "0.2.62"
source = "registry+https://github.com/rust-lang/crates.io-index"
checksum = "a91c2916119c17a8e316507afaaa2dd94b47646048014bbdf6bef098c1bb58ad"

[[package]]
name = "web-sys"
version = "0.3.39"
source = "registry+https://github.com/rust-lang/crates.io-index"
checksum = "8bc359e5dd3b46cb9687a051d50a2fdd228e4ba7cf6fcf861a5365c3d671a642"
dependencies = [
 "js-sys",
 "wasm-bindgen",
]

[[package]]
name = "webpki"
version = "0.21.2"
source = "registry+https://github.com/rust-lang/crates.io-index"
checksum = "f1f50e1972865d6b1adb54167d1c8ed48606004c2c9d0ea5f1eeb34d95e863ef"
dependencies = [
 "ring",
 "untrusted",
]

[[package]]
name = "webpki-roots"
version = "0.19.0"
source = "registry+https://github.com/rust-lang/crates.io-index"
checksum = "f8eff4b7516a57307f9349c64bf34caa34b940b66fed4b2fb3136cb7386e5739"
dependencies = [
 "webpki",
]

[[package]]
name = "winapi"
version = "0.2.8"
source = "registry+https://github.com/rust-lang/crates.io-index"
checksum = "167dc9d6949a9b857f3451275e911c3f44255842c1f7a76f33c55103a909087a"

[[package]]
name = "winapi"
version = "0.3.8"
source = "registry+https://github.com/rust-lang/crates.io-index"
checksum = "8093091eeb260906a183e6ae1abdba2ef5ef2257a21801128899c3fc699229c6"
dependencies = [
 "winapi-i686-pc-windows-gnu",
 "winapi-x86_64-pc-windows-gnu",
]

[[package]]
name = "winapi-build"
version = "0.1.1"
source = "registry+https://github.com/rust-lang/crates.io-index"
checksum = "2d315eee3b34aca4797b2da6b13ed88266e6d612562a0c46390af8299fc699bc"

[[package]]
name = "winapi-i686-pc-windows-gnu"
version = "0.4.0"
source = "registry+https://github.com/rust-lang/crates.io-index"
checksum = "ac3b87c63620426dd9b991e5ce0329eff545bccbbb34f3be09ff6fb6ab51b7b6"

[[package]]
name = "winapi-util"
version = "0.1.5"
source = "registry+https://github.com/rust-lang/crates.io-index"
checksum = "70ec6ce85bb158151cae5e5c87f95a8e97d2c0c4b001223f33a334e3ce5de178"
dependencies = [
 "winapi 0.3.8",
]

[[package]]
name = "winapi-x86_64-pc-windows-gnu"
version = "0.4.0"
source = "registry+https://github.com/rust-lang/crates.io-index"
checksum = "712e227841d057c1ee1cd2fb22fa7e5a5461ae8e48fa2ca79ec42cfc1931183f"

[[package]]
name = "ws2_32-sys"
version = "0.2.1"
source = "registry+https://github.com/rust-lang/crates.io-index"
checksum = "d59cefebd0c892fa2dd6de581e937301d8552cb44489cdff035c6187cb63fa5e"
dependencies = [
 "winapi 0.2.8",
 "winapi-build",
]
